
Microsoft Visual Studio Solution File, Format Version 12.00
# Visual Studio Version 17
VisualStudioVersion = 17.11.35327.3
MinimumVisualStudioVersion = 10.0.40219.1
Project("{FAE04EC0-301F-11D3-BF4B-00C04F79EFBC}") = "Main", "Main\Main.csproj", "{9B6BE0AA-90B2-462D-9826-3458BFAF124C}"
EndProject
Project("{FAE04EC0-301F-11D3-BF4B-00C04F79EFBC}") = "DataAccess", "DataAccess\DataAccess.csproj", "{D0E43BFF-DBFB-40C7-AE47-9A16D2FC7848}"
EndProject
Global
	GlobalSection(SolutionConfigurationPlatforms) = preSolution
		Debug|Any CPU = Debug|Any CPU
		Release|Any CPU = Release|Any CPU
	EndGlobalSection
	GlobalSection(ProjectConfigurationPlatforms) = postSolution
		{9B6BE0AA-90B2-462D-9826-3458BFAF124C}.Debug|Any CPU.ActiveCfg = Debug|Any CPU
		{9B6BE0AA-90B2-462D-9826-3458BFAF124C}.Debug|Any CPU.Build.0 = Debug|Any CPU
		{9B6BE0AA-90B2-462D-9826-3458BFAF124C}.Release|Any CPU.ActiveCfg = Release|Any CPU
		{9B6BE0AA-90B2-462D-9826-3458BFAF124C}.Release|Any CPU.Build.0 = Release|Any CPU
		{D0E43BFF-DBFB-40C7-AE47-9A16D2FC7848}.Debug|Any CPU.ActiveCfg = Debug|Any CPU
		{D0E43BFF-DBFB-40C7-AE47-9A16D2FC7848}.Debug|Any CPU.Build.0 = Debug|Any CPU
		{D0E43BFF-DBFB-40C7-AE47-9A16D2FC7848}.Release|Any CPU.ActiveCfg = Release|Any CPU
		{D0E43BFF-DBFB-40C7-AE47-9A16D2FC7848}.Release|Any CPU.Build.0 = Release|Any CPU
	EndGlobalSection
	GlobalSection(SolutionProperties) = preSolution
		HideSolutionNode = FALSE
	EndGlobalSection
	GlobalSection(ExtensibilityGlobals) = postSolution
		SolutionGuid = {EC57CBBF-EFC0-4503-AB6B-B89BE9289843}
	EndGlobalSection
EndGlobal
